
Microsoft Visual Studio Solution File, Format Version 12.00
# Visual Studio Version 16
VisualStudioVersion = 16.0.29326.143
MinimumVisualStudioVersion = 10.0.40219.1
Project("{8BC9CEB8-8B4A-11D0-8D11-00A0C91BC942}") = "Server", "Server\Server.vcxproj", "{A2D82A21-684D-4801-83C9-C0FCF7434126}"
EndProject
Project("{8BC9CEB8-8B4A-11D0-8D11-00A0C91BC942}") = "Client", "Client\Client.vcxproj", "{01280FE2-BD80-42FA-A809-A1CD6F1FEBAE}"
EndProject
Global
	GlobalSection(SolutionConfigurationPlatforms) = preSolution
		Debug|x64 = Debug|x64
		Debug|x86 = Debug|x86
		Release|x64 = Release|x64
		Release|x86 = Release|x86
	EndGlobalSection
	GlobalSection(ProjectConfigurationPlatforms) = postSolution
		{A2D82A21-684D-4801-83C9-C0FCF7434126}.Debug|x64.ActiveCfg = Debug|x64
		{A2D82A21-684D-4801-83C9-C0FCF7434126}.Debug|x64.Build.0 = Debug|x64
		{A2D82A21-684D-4801-83C9-C0FCF7434126}.Debug|x86.ActiveCfg = Debug|Win32
		{A2D82A21-684D-4801-83C9-C0FCF7434126}.Debug|x86.Build.0 = Debug|Win32
		{A2D82A21-684D-4801-83C9-C0FCF7434126}.Release|x64.ActiveCfg = Release|x64
		{A2D82A21-684D-4801-83C9-C0FCF7434126}.Release|x64.Build.0 = Release|x64
		{A2D82A21-684D-4801-83C9-C0FCF7434126}.Release|x86.ActiveCfg = Release|Win32
		{A2D82A21-684D-4801-83C9-C0FCF7434126}.Release|x86.Build.0 = Release|Win32
		{01280FE2-BD80-42FA-A809-A1CD6F1FEBAE}.Debug|x64.ActiveCfg = Debug|x64
		{01280FE2-BD80-42FA-A809-A1CD6F1FEBAE}.Debug|x64.Build.0 = Debug|x64
		{01280FE2-BD80-42FA-A809-A1CD6F1FEBAE}.Debug|x86.ActiveCfg = Debug|Win32
		{01280FE2-BD80-42FA-A809-A1CD6F1FEBAE}.Debug|x86.Build.0 = Debug|Win32
		{01280FE2-BD80-42FA-A809-A1CD6F1FEBAE}.Release|x64.ActiveCfg = Release|x64
		{01280FE2-BD80-42FA-A809-A1CD6F1FEBAE}.Release|x64.Build.0 = Release|x64
		{01280FE2-BD80-42FA-A809-A1CD6F1FEBAE}.Release|x86.ActiveCfg = Release|Win32
		{01280FE2-BD80-42FA-A809-A1CD6F1FEBAE}.Release|x86.Build.0 = Release|Win32
	EndGlobalSection
	GlobalSection(SolutionProperties) = preSolution
		HideSolutionNode = FALSE
	EndGlobalSection
	GlobalSection(ExtensibilityGlobals) = postSolution
		SolutionGuid = {D6AF5758-0FEA-40F3-B832-A35B9BFACEF5}
	EndGlobalSection
EndGlobal
